
Microsoft Visual Studio Solution File, Format Version 10.00
# Visual Studio 2008
Project("{8BC9CEB8-8B4A-11D0-8D11-00A0C91BC942}") = "TriExporter", "TriExporter\TriExporter_VS2008.vcproj", "{708944DF-FEAE-4C2D-BE48-EE0A5473FBF5}"
	ProjectSection(ProjectDependencies) = postProject
		{A1535949-101E-40A0-9B18-4084B78DB481} = {A1535949-101E-40A0-9B18-4084B78DB481}
		{C15B8C4A-9175-4E8E-9CFE-02FBC31489FD} = {C15B8C4A-9175-4E8E-9CFE-02FBC31489FD}
		{AF497E60-C68D-4363-9B59-CF7D1B948B5D} = {AF497E60-C68D-4363-9B59-CF7D1B948B5D}
		{B8954DE2-D15E-4C7A-8A2C-BBB2951730A9} = {B8954DE2-D15E-4C7A-8A2C-BBB2951730A9}
		{6B0B0AEA-9EF3-4987-93B4-E7556C6F50EF} = {6B0B0AEA-9EF3-4987-93B4-E7556C6F50EF}
	EndProjectSection
EndProject
Project("{8BC9CEB8-8B4A-11D0-8D11-00A0C91BC942}") = "DevIL", "DevIL\DevIL.vcproj", "{A1535949-101E-40A0-9B18-4084B78DB481}"
	ProjectSection(ProjectDependencies) = postProject
		{C15B8C4A-9175-4E8E-9CFE-02FBC31489FD} = {C15B8C4A-9175-4E8E-9CFE-02FBC31489FD}
		{6B0B0AEA-9EF3-4987-93B4-E7556C6F50EF} = {6B0B0AEA-9EF3-4987-93B4-E7556C6F50EF}
	EndProjectSection
EndProject
Project("{8BC9CEB8-8B4A-11D0-8D11-00A0C91BC942}") = "grannystuff", "grannystuff\grannystuff.vcproj", "{67994C6C-9B04-4E0D-870E-9599D9C8259C}"
EndProject
Project("{8BC9CEB8-8B4A-11D0-8D11-00A0C91BC942}") = "ilu", "ilu\ilu.vcproj", "{AF497E60-C68D-4363-9B59-CF7D1B948B5D}"
	ProjectSection(ProjectDependencies) = postProject
		{A1535949-101E-40A0-9B18-4084B78DB481} = {A1535949-101E-40A0-9B18-4084B78DB481}
		{C15B8C4A-9175-4E8E-9CFE-02FBC31489FD} = {C15B8C4A-9175-4E8E-9CFE-02FBC31489FD}
		{6B0B0AEA-9EF3-4987-93B4-E7556C6F50EF} = {6B0B0AEA-9EF3-4987-93B4-E7556C6F50EF}
	EndProjectSection
EndProject
Project("{8BC9CEB8-8B4A-11D0-8D11-00A0C91BC942}") = "lib3ds", "lib3ds\lib3ds.vcproj", "{B8954DE2-D15E-4C7A-8A2C-BBB2951730A9}"
EndProject
Project("{8BC9CEB8-8B4A-11D0-8D11-00A0C91BC942}") = "libpng", "libpng\libpng.vcproj", "{C15B8C4A-9175-4E8E-9CFE-02FBC31489FD}"
	ProjectSection(ProjectDependencies) = postProject
		{6B0B0AEA-9EF3-4987-93B4-E7556C6F50EF} = {6B0B0AEA-9EF3-4987-93B4-E7556C6F50EF}
	EndProjectSection
EndProject
Project("{8BC9CEB8-8B4A-11D0-8D11-00A0C91BC942}") = "WTL", "WTL\WTL.vcproj", "{DE4F94BC-F668-4BCE-8974-FCDC1C2E4687}"
EndProject
Project("{8BC9CEB8-8B4A-11D0-8D11-00A0C91BC942}") = "zlib", "zlib\zlib.vcproj", "{6B0B0AEA-9EF3-4987-93B4-E7556C6F50EF}"
EndProject
Global
	GlobalSection(SolutionConfigurationPlatforms) = preSolution
		Debug|Win32 = Debug|Win32
		Release|Win32 = Release|Win32
	EndGlobalSection
	GlobalSection(ProjectConfigurationPlatforms) = postSolution
		{708944DF-FEAE-4C2D-BE48-EE0A5473FBF5}.Debug|Win32.ActiveCfg = Debug|Win32
		{708944DF-FEAE-4C2D-BE48-EE0A5473FBF5}.Debug|Win32.Build.0 = Debug|Win32
		{708944DF-FEAE-4C2D-BE48-EE0A5473FBF5}.Release|Win32.ActiveCfg = Release|Win32
		{708944DF-FEAE-4C2D-BE48-EE0A5473FBF5}.Release|Win32.Build.0 = Release|Win32
		{A1535949-101E-40A0-9B18-4084B78DB481}.Debug|Win32.ActiveCfg = Debug|Win32
		{A1535949-101E-40A0-9B18-4084B78DB481}.Debug|Win32.Build.0 = Debug|Win32
		{A1535949-101E-40A0-9B18-4084B78DB481}.Release|Win32.ActiveCfg = Release|Win32
		{A1535949-101E-40A0-9B18-4084B78DB481}.Release|Win32.Build.0 = Release|Win32
		{67994C6C-9B04-4E0D-870E-9599D9C8259C}.Debug|Win32.ActiveCfg = Debug|Win32
		{67994C6C-9B04-4E0D-870E-9599D9C8259C}.Release|Win32.ActiveCfg = Release|Win32
		{AF497E60-C68D-4363-9B59-CF7D1B948B5D}.Debug|Win32.ActiveCfg = Debug|Win32
		{AF497E60-C68D-4363-9B59-CF7D1B948B5D}.Debug|Win32.Build.0 = Debug|Win32
		{AF497E60-C68D-4363-9B59-CF7D1B948B5D}.Release|Win32.ActiveCfg = Release|Win32
		{AF497E60-C68D-4363-9B59-CF7D1B948B5D}.Release|Win32.Build.0 = Release|Win32
		{B8954DE2-D15E-4C7A-8A2C-BBB2951730A9}.Debug|Win32.ActiveCfg = Debug|Win32
		{B8954DE2-D15E-4C7A-8A2C-BBB2951730A9}.Debug|Win32.Build.0 = Debug|Win32
		{B8954DE2-D15E-4C7A-8A2C-BBB2951730A9}.Release|Win32.ActiveCfg = Release|Win32
		{B8954DE2-D15E-4C7A-8A2C-BBB2951730A9}.Release|Win32.Build.0 = Release|Win32
		{C15B8C4A-9175-4E8E-9CFE-02FBC31489FD}.Debug|Win32.ActiveCfg = Debug|Win32
		{C15B8C4A-9175-4E8E-9CFE-02FBC31489FD}.Debug|Win32.Build.0 = Debug|Win32
		{C15B8C4A-9175-4E8E-9CFE-02FBC31489FD}.Release|Win32.ActiveCfg = Release|Win32
		{C15B8C4A-9175-4E8E-9CFE-02FBC31489FD}.Release|Win32.Build.0 = Release|Win32
		{DE4F94BC-F668-4BCE-8974-FCDC1C2E4687}.Debug|Win32.ActiveCfg = Debug|Win32
		{DE4F94BC-F668-4BCE-8974-FCDC1C2E4687}.Release|Win32.ActiveCfg = Release|Win32
		{6B0B0AEA-9EF3-4987-93B4-E7556C6F50EF}.Debug|Win32.ActiveCfg = Debug|Win32
		{6B0B0AEA-9EF3-4987-93B4-E7556C6F50EF}.Debug|Win32.Build.0 = Debug|Win32
		{6B0B0AEA-9EF3-4987-93B4-E7556C6F50EF}.Release|Win32.ActiveCfg = Release|Win32
		{6B0B0AEA-9EF3-4987-93B4-E7556C6F50EF}.Release|Win32.Build.0 = Release|Win32
	EndGlobalSection
	GlobalSection(SolutionProperties) = preSolution
		HideSolutionNode = FALSE
	EndGlobalSection
EndGlobal
