
Microsoft Visual Studio Solution File, Format Version 11.00
# Visual Studio 2010
Project("{8BC9CEB8-8B4A-11D0-8D11-00A0C91BC942}") = "TriExporter", "TriExporter\TriExporter.vcxproj", "{2841A89B-0932-4EFC-90C3-2D51CDD9A55F}"
	ProjectSection(ProjectDependencies) = postProject
		{61764508-3F6E-474C-A0BF-CEC4833AAF0B} = {61764508-3F6E-474C-A0BF-CEC4833AAF0B}
		{45D7E18B-52B5-4AF5-9BE4-E4356D217B32} = {45D7E18B-52B5-4AF5-9BE4-E4356D217B32}
		{21BB29BB-9E5C-4CCF-8C52-9AB455E4EE10} = {21BB29BB-9E5C-4CCF-8C52-9AB455E4EE10}
		{C45F92CE-63BB-4C66-9C17-B4AAA18E46DD} = {C45F92CE-63BB-4C66-9C17-B4AAA18E46DD}
		{7959E0E7-4C8D-4E33-A94F-BB033F71DAD8} = {7959E0E7-4C8D-4E33-A94F-BB033F71DAD8}
	EndProjectSection
EndProject
Project("{8BC9CEB8-8B4A-11D0-8D11-00A0C91BC942}") = "zlib", "zlib\zlib.vcxproj", "{C45F92CE-63BB-4C66-9C17-B4AAA18E46DD}"
EndProject
Project("{8BC9CEB8-8B4A-11D0-8D11-00A0C91BC942}") = "libpng", "libpng\libpng.vcxproj", "{21BB29BB-9E5C-4CCF-8C52-9AB455E4EE10}"
	ProjectSection(ProjectDependencies) = postProject
		{C45F92CE-63BB-4C66-9C17-B4AAA18E46DD} = {C45F92CE-63BB-4C66-9C17-B4AAA18E46DD}
	EndProjectSection
EndProject
Project("{8BC9CEB8-8B4A-11D0-8D11-00A0C91BC942}") = "DevIL", "DevIL\DevIL.vcxproj", "{61764508-3F6E-474C-A0BF-CEC4833AAF0B}"
	ProjectSection(ProjectDependencies) = postProject
		{21BB29BB-9E5C-4CCF-8C52-9AB455E4EE10} = {21BB29BB-9E5C-4CCF-8C52-9AB455E4EE10}
		{C45F92CE-63BB-4C66-9C17-B4AAA18E46DD} = {C45F92CE-63BB-4C66-9C17-B4AAA18E46DD}
	EndProjectSection
EndProject
Project("{8BC9CEB8-8B4A-11D0-8D11-00A0C91BC942}") = "lib3ds", "lib3ds\lib3ds.vcxproj", "{7959E0E7-4C8D-4E33-A94F-BB033F71DAD8}"
EndProject
Project("{8BC9CEB8-8B4A-11D0-8D11-00A0C91BC942}") = "ilu", "ilu\ilu.vcxproj", "{45D7E18B-52B5-4AF5-9BE4-E4356D217B32}"
	ProjectSection(ProjectDependencies) = postProject
		{61764508-3F6E-474C-A0BF-CEC4833AAF0B} = {61764508-3F6E-474C-A0BF-CEC4833AAF0B}
		{21BB29BB-9E5C-4CCF-8C52-9AB455E4EE10} = {21BB29BB-9E5C-4CCF-8C52-9AB455E4EE10}
		{C45F92CE-63BB-4C66-9C17-B4AAA18E46DD} = {C45F92CE-63BB-4C66-9C17-B4AAA18E46DD}
	EndProjectSection
EndProject
Project("{2150E333-8FDC-42A3-9474-1A3956D46DE8}") = "DX9", "DX9", "{4E8F17FF-74B3-4FE9-8097-F0697240F3A4}"
	ProjectSection(SolutionItems) = preProject
		DX9\d3d9.h = DX9\d3d9.h
		DX9\d3d9caps.h = DX9\d3d9caps.h
		DX9\d3d9types.h = DX9\d3d9types.h
		DX9\d3dx9.h = DX9\d3dx9.h
		DX9\d3dx9anim.h = DX9\d3dx9anim.h
		DX9\d3dx9core.h = DX9\d3dx9core.h
		DX9\d3dx9effect.h = DX9\d3dx9effect.h
		DX9\d3dx9math.h = DX9\d3dx9math.h
		DX9\d3dx9math.inl = DX9\d3dx9math.inl
		DX9\d3dx9mesh.h = DX9\d3dx9mesh.h
		DX9\d3dx9shader.h = DX9\d3dx9shader.h
		DX9\d3dx9shape.h = DX9\d3dx9shape.h
		DX9\d3dx9tex.h = DX9\d3dx9tex.h
		DX9\d3dx9xof.h = DX9\d3dx9xof.h
	EndProjectSection
EndProject
Project("{2150E333-8FDC-42A3-9474-1A3956D46DE8}") = "grannystuff", "grannystuff", "{6A9CBFF4-978F-414E-B1CF-A5D4F460AD7B}"
	ProjectSection(SolutionItems) = preProject
		grannystuff\AutoGranny.h = grannystuff\AutoGranny.h
		grannystuff\Granny.h = grannystuff\Granny.h
		grannystuff\structs.h = grannystuff\structs.h
	EndProjectSection
EndProject
Project("{2150E333-8FDC-42A3-9474-1A3956D46DE8}") = "x86", "x86", "{87C38431-67EE-4190-90A4-1B7ECEE8E754}"
	ProjectSection(SolutionItems) = preProject
		DX9\x86\d3d9.lib = DX9\x86\d3d9.lib
		DX9\x86\d3dx9.lib = DX9\x86\d3dx9.lib
		DX9\x86\d3dx9d.lib = DX9\x86\d3dx9d.lib
		DX9\x86\ddraw.lib = DX9\x86\ddraw.lib
		DX9\x86\dxguid.lib = DX9\x86\dxguid.lib
	EndProjectSection
EndProject
Project("{2150E333-8FDC-42A3-9474-1A3956D46DE8}") = "WTL", "WTL", "{AB8B019B-491B-46E2-B786-905A42511E5B}"
	ProjectSection(SolutionItems) = preProject
		WTL\atlapp.h = WTL\atlapp.h
		WTL\atlcrack.h = WTL\atlcrack.h
		WTL\atlctrls.h = WTL\atlctrls.h
		WTL\atlctrlw.h = WTL\atlctrlw.h
		WTL\atlctrlx.h = WTL\atlctrlx.h
		WTL\atlddx.h = WTL\atlddx.h
		WTL\atldlgs.h = WTL\atldlgs.h
		WTL\atldwm.h = WTL\atldwm.h
		WTL\atlfind.h = WTL\atlfind.h
		WTL\atlframe.h = WTL\atlframe.h
		WTL\atlgdi.h = WTL\atlgdi.h
		WTL\atlmisc.h = WTL\atlmisc.h
		WTL\atlprint.h = WTL\atlprint.h
		WTL\atlres.h = WTL\atlres.h
		WTL\atlresce.h = WTL\atlresce.h
		WTL\atlscrl.h = WTL\atlscrl.h
		WTL\atlsplit.h = WTL\atlsplit.h
		WTL\atltheme.h = WTL\atltheme.h
		WTL\atluser.h = WTL\atluser.h
		WTL\atlwince.h = WTL\atlwince.h
		WTL\atlwinx.h = WTL\atlwinx.h
	EndProjectSection
EndProject
Project("{2150E333-8FDC-42A3-9474-1A3956D46DE8}") = "libs", "libs", "{627A8A46-25D5-4E52-B547-BE0E76F64275}"
EndProject
Project("{2150E333-8FDC-42A3-9474-1A3956D46DE8}") = "fbxsdk", "fbxsdk", "{78E09608-187A-4A67-9FB8-3F95F35603CD}"
EndProject
Project("{2150E333-8FDC-42A3-9474-1A3956D46DE8}") = "include", "include", "{070336B3-87DF-4FB4-ADBF-E0169D62264F}"
	ProjectSection(SolutionItems) = preProject
		fbxsdk\include\fbxsdk\core\math\fbxaffinematrix.h = fbxsdk\include\fbxsdk\core\math\fbxaffinematrix.h
		fbxsdk\include\fbxsdk\core\arch\fbxalloc.h = fbxsdk\include\fbxsdk\core\arch\fbxalloc.h
		fbxsdk\include\fbxsdk\scene\animation\fbxanimcurve.h = fbxsdk\include\fbxsdk\scene\animation\fbxanimcurve.h
		fbxsdk\include\fbxsdk\scene\animation\fbxanimcurvebase.h = fbxsdk\include\fbxsdk\scene\animation\fbxanimcurvebase.h
		fbxsdk\include\fbxsdk\scene\animation\fbxanimcurvefilters.h = fbxsdk\include\fbxsdk\scene\animation\fbxanimcurvefilters.h
		fbxsdk\include\fbxsdk\scene\animation\fbxanimcurvenode.h = fbxsdk\include\fbxsdk\scene\animation\fbxanimcurvenode.h
		fbxsdk\include\fbxsdk\scene\animation\fbxanimevalclassic.h = fbxsdk\include\fbxsdk\scene\animation\fbxanimevalclassic.h
		fbxsdk\include\fbxsdk\scene\animation\fbxanimevalstate.h = fbxsdk\include\fbxsdk\scene\animation\fbxanimevalstate.h
		fbxsdk\include\fbxsdk\scene\animation\fbxanimevaluator.h = fbxsdk\include\fbxsdk\scene\animation\fbxanimevaluator.h
		fbxsdk\include\fbxsdk\scene\animation\fbxanimlayer.h = fbxsdk\include\fbxsdk\scene\animation\fbxanimlayer.h
		fbxsdk\include\fbxsdk\scene\animation\fbxanimstack.h = fbxsdk\include\fbxsdk\scene\animation\fbxanimstack.h
		fbxsdk\include\fbxsdk\scene\animation\fbxanimutilities.h = fbxsdk\include\fbxsdk\scene\animation\fbxanimutilities.h
		fbxsdk\include\fbxsdk\core\arch\fbxarch.h = fbxsdk\include\fbxsdk\core\arch\fbxarch.h
		fbxsdk\include\fbxsdk\core\base\fbxarray.h = fbxsdk\include\fbxsdk\core\base\fbxarray.h
		fbxsdk\include\fbxsdk\core\sync\fbxatomic.h = fbxsdk\include\fbxsdk\core\sync\fbxatomic.h
		fbxsdk\include\fbxsdk\scene\fbxaxissystem.h = fbxsdk\include\fbxsdk\scene\fbxaxissystem.h
		fbxsdk\include\fbxsdk\scene\shading\fbxbindingoperator.h = fbxsdk\include\fbxsdk\scene\shading\fbxbindingoperator.h
		fbxsdk\include\fbxsdk\scene\shading\fbxbindingsentryview.h = fbxsdk\include\fbxsdk\scene\shading\fbxbindingsentryview.h
		fbxsdk\include\fbxsdk\scene\shading\fbxbindingtable.h = fbxsdk\include\fbxsdk\scene\shading\fbxbindingtable.h
		fbxsdk\include\fbxsdk\scene\shading\fbxbindingtablebase.h = fbxsdk\include\fbxsdk\scene\shading\fbxbindingtablebase.h
		fbxsdk\include\fbxsdk\scene\shading\fbxbindingtableentry.h = fbxsdk\include\fbxsdk\scene\shading\fbxbindingtableentry.h
		fbxsdk\include\fbxsdk\core\base\fbxbitset.h = fbxsdk\include\fbxsdk\core\base\fbxbitset.h
		fbxsdk\include\fbxsdk\scene\geometry\fbxblendshape.h = fbxsdk\include\fbxsdk\scene\geometry\fbxblendshape.h
		fbxsdk\include\fbxsdk\scene\geometry\fbxblendshapechannel.h = fbxsdk\include\fbxsdk\scene\geometry\fbxblendshapechannel.h
		fbxsdk\include\fbxsdk\scene\geometry\fbxcache.h = fbxsdk\include\fbxsdk\scene\geometry\fbxcache.h
		fbxsdk\include\fbxsdk\scene\geometry\fbxcachedeffect.h = fbxsdk\include\fbxsdk\scene\geometry\fbxcachedeffect.h
		fbxsdk\include\fbxsdk\scene\geometry\fbxcamera.h = fbxsdk\include\fbxsdk\scene\geometry\fbxcamera.h
		fbxsdk\include\fbxsdk\scene\geometry\fbxcamerastereo.h = fbxsdk\include\fbxsdk\scene\geometry\fbxcamerastereo.h
		fbxsdk\include\fbxsdk\scene\geometry\fbxcameraswitcher.h = fbxsdk\include\fbxsdk\scene\geometry\fbxcameraswitcher.h
		fbxsdk\include\fbxsdk\scene\constraint\fbxcharacter.h = fbxsdk\include\fbxsdk\scene\constraint\fbxcharacter.h
		fbxsdk\include\fbxsdk\scene\constraint\fbxcharacternodename.h = fbxsdk\include\fbxsdk\scene\constraint\fbxcharacternodename.h
		fbxsdk\include\fbxsdk\scene\constraint\fbxcharacterpose.h = fbxsdk\include\fbxsdk\scene\constraint\fbxcharacterpose.h
		fbxsdk\include\fbxsdk\core\base\fbxcharptrset.h = fbxsdk\include\fbxsdk\core\base\fbxcharptrset.h
		fbxsdk\include\fbxsdk\core\fbxclassid.h = fbxsdk\include\fbxsdk\core\fbxclassid.h
		fbxsdk\include\fbxsdk\core\sync\fbxclock.h = fbxsdk\include\fbxsdk\core\sync\fbxclock.h
		fbxsdk\include\fbxsdk\utils\fbxclonemanager.h = fbxsdk\include\fbxsdk\utils\fbxclonemanager.h
		fbxsdk\include\fbxsdk\scene\geometry\fbxcluster.h = fbxsdk\include\fbxsdk\scene\geometry\fbxcluster.h
		fbxsdk\include\fbxsdk\fileio\collada\fbxcolladaanimationelement.h = fbxsdk\include\fbxsdk\fileio\collada\fbxcolladaanimationelement.h
		fbxsdk\include\fbxsdk\fileio\collada\fbxcolladaelement.h = fbxsdk\include\fbxsdk\fileio\collada\fbxcolladaelement.h
		fbxsdk\include\fbxsdk\fileio\collada\fbxcolladaiostream.h = fbxsdk\include\fbxsdk\fileio\collada\fbxcolladaiostream.h
		fbxsdk\include\fbxsdk\fileio\collada\fbxcolladanamespace.h = fbxsdk\include\fbxsdk\fileio\collada\fbxcolladanamespace.h
		fbxsdk\include\fbxsdk\fileio\collada\fbxcolladatokens.h = fbxsdk\include\fbxsdk\fileio\collada\fbxcolladatokens.h
		fbxsdk\include\fbxsdk\fileio\collada\fbxcolladautils.h = fbxsdk\include\fbxsdk\fileio\collada\fbxcolladautils.h
		fbxsdk\include\fbxsdk\scene\fbxcollection.h = fbxsdk\include\fbxsdk\scene\fbxcollection.h
		fbxsdk\include\fbxsdk\scene\fbxcollectionexclusive.h = fbxsdk\include\fbxsdk\scene\fbxcollectionexclusive.h
		fbxsdk\include\fbxsdk\core\fbxconnectionpoint.h = fbxsdk\include\fbxsdk\core\fbxconnectionpoint.h
		fbxsdk\include\fbxsdk\scene\shading\fbxconstantentryview.h = fbxsdk\include\fbxsdk\scene\shading\fbxconstantentryview.h
		fbxsdk\include\fbxsdk\scene\constraint\fbxconstraint.h = fbxsdk\include\fbxsdk\scene\constraint\fbxconstraint.h
		fbxsdk\include\fbxsdk\scene\constraint\fbxconstraintaim.h = fbxsdk\include\fbxsdk\scene\constraint\fbxconstraintaim.h
		fbxsdk\include\fbxsdk\scene\constraint\fbxconstraintcustom.h = fbxsdk\include\fbxsdk\scene\constraint\fbxconstraintcustom.h
		fbxsdk\include\fbxsdk\scene\constraint\fbxconstraintparent.h = fbxsdk\include\fbxsdk\scene\constraint\fbxconstraintparent.h
		fbxsdk\include\fbxsdk\scene\constraint\fbxconstraintposition.h = fbxsdk\include\fbxsdk\scene\constraint\fbxconstraintposition.h
		fbxsdk\include\fbxsdk\scene\constraint\fbxconstraintrotation.h = fbxsdk\include\fbxsdk\scene\constraint\fbxconstraintrotation.h
		fbxsdk\include\fbxsdk\scene\constraint\fbxconstraintscale.h = fbxsdk\include\fbxsdk\scene\constraint\fbxconstraintscale.h
		fbxsdk\include\fbxsdk\scene\constraint\fbxconstraintsinglechainik.h = fbxsdk\include\fbxsdk\scene\constraint\fbxconstraintsinglechainik.h
		fbxsdk\include\fbxsdk\scene\constraint\fbxconstraintutils.h = fbxsdk\include\fbxsdk\scene\constraint\fbxconstraintutils.h
		fbxsdk\include\fbxsdk\scene\fbxcontainer.h = fbxsdk\include\fbxsdk\scene\fbxcontainer.h
		fbxsdk\include\fbxsdk\core\base\fbxcontainerallocators.h = fbxsdk\include\fbxsdk\core\base\fbxcontainerallocators.h
		fbxsdk\include\fbxsdk\scene\fbxcontainertemplate.h = fbxsdk\include\fbxsdk\scene\fbxcontainertemplate.h
		fbxsdk\include\fbxsdk\scene\constraint\fbxcontrolset.h = fbxsdk\include\fbxsdk\scene\constraint\fbxcontrolset.h
		fbxsdk\include\fbxsdk\core\fbxdatatypes.h = fbxsdk\include\fbxsdk\core\fbxdatatypes.h
		fbxsdk\include\fbxsdk\core\arch\fbxdebug.h = fbxsdk\include\fbxsdk\core\arch\fbxdebug.h
		fbxsdk\include\fbxsdk\scene\geometry\fbxdeformer.h = fbxsdk\include\fbxsdk\scene\geometry\fbxdeformer.h
		fbxsdk\include\fbxsdk\scene\fbxdisplaylayer.h = fbxsdk\include\fbxsdk\scene\fbxdisplaylayer.h
		fbxsdk\include\fbxsdk\scene\fbxdocument.h = fbxsdk\include\fbxsdk\scene\fbxdocument.h
		fbxsdk\include\fbxsdk\scene\fbxdocumentinfo.h = fbxsdk\include\fbxsdk\scene\fbxdocumentinfo.h
		fbxsdk\include\fbxsdk\core\math\fbxdualquaternion.h = fbxsdk\include\fbxsdk\core\math\fbxdualquaternion.h
		fbxsdk\include\fbxsdk\core\base\fbxdynamicarray.h = fbxsdk\include\fbxsdk\core\base\fbxdynamicarray.h
		fbxsdk\include\fbxsdk\utils\fbxembeddedfilesaccumulator.h = fbxsdk\include\fbxsdk\utils\fbxembeddedfilesaccumulator.h
		fbxsdk\include\fbxsdk\core\fbxemitter.h = fbxsdk\include\fbxsdk\core\fbxemitter.h
		fbxsdk\include\fbxsdk\scene\shading\fbxentryview.h = fbxsdk\include\fbxsdk\scene\shading\fbxentryview.h
		fbxsdk\include\fbxsdk\core\base\fbxerror.h = fbxsdk\include\fbxsdk\core\base\fbxerror.h
		fbxsdk\include\fbxsdk\core\fbxevent.h = fbxsdk\include\fbxsdk\core\fbxevent.h
		fbxsdk\include\fbxsdk\core\fbxeventhandler.h = fbxsdk\include\fbxsdk\core\fbxeventhandler.h
		fbxsdk\include\fbxsdk\fileio\fbxexporter.h = fbxsdk\include\fbxsdk\fileio\fbxexporter.h
		fbxsdk\include\fbxsdk\fileio\fbxexternaldocreflistener.h = fbxsdk\include\fbxsdk\fileio\fbxexternaldocreflistener.h
		fbxsdk\include\fbxsdk\core\base\fbxfile.h = fbxsdk\include\fbxsdk\core\base\fbxfile.h
		fbxsdk\include\fbxsdk\scene\shading\fbxfiletexture.h = fbxsdk\include\fbxsdk\scene\shading\fbxfiletexture.h
		fbxsdk\include\fbxsdk\fileio\fbxfiletokens.h = fbxsdk\include\fbxsdk\fileio\fbxfiletokens.h
		fbxsdk\include\fbxsdk\core\base\fbxfolder.h = fbxsdk\include\fbxsdk\core\base\fbxfolder.h
		fbxsdk\include\fbxsdk\scene\geometry\fbxgenericnode.h = fbxsdk\include\fbxsdk\scene\geometry\fbxgenericnode.h
		fbxsdk\include\fbxsdk\scene\geometry\fbxgeometry.h = fbxsdk\include\fbxsdk\scene\geometry\fbxgeometry.h
		fbxsdk\include\fbxsdk\scene\geometry\fbxgeometrybase.h = fbxsdk\include\fbxsdk\scene\geometry\fbxgeometrybase.h
		fbxsdk\include\fbxsdk\utils\fbxgeometryconverter.h = fbxsdk\include\fbxsdk\utils\fbxgeometryconverter.h
		fbxsdk\include\fbxsdk\scene\geometry\fbxgeometryweightedmap.h = fbxsdk\include\fbxsdk\scene\geometry\fbxgeometryweightedmap.h
		fbxsdk\include\fbxsdk\fileio\fbxglobalcamerasettings.h = fbxsdk\include\fbxsdk\fileio\fbxglobalcamerasettings.h
		fbxsdk\include\fbxsdk\fileio\fbxgloballightsettings.h = fbxsdk\include\fbxsdk\fileio\fbxgloballightsettings.h
		fbxsdk\include\fbxsdk\fileio\fbxglobalsettings.h = fbxsdk\include\fbxsdk\fileio\fbxglobalsettings.h
		fbxsdk\include\fbxsdk\fileio\fbxglobaltimesettings.h = fbxsdk\include\fbxsdk\fileio\fbxglobaltimesettings.h
		fbxsdk\include\fbxsdk\fileio\fbxgobo.h = fbxsdk\include\fbxsdk\fileio\fbxgobo.h
		fbxsdk\include\fbxsdk\scene\fbxgroupname.h = fbxsdk\include\fbxsdk\scene\fbxgroupname.h
		fbxsdk\include\fbxsdk\core\base\fbxhashmap.h = fbxsdk\include\fbxsdk\core\base\fbxhashmap.h
		fbxsdk\include\fbxsdk\scene\constraint\fbxhik2fbxcharacter.h = fbxsdk\include\fbxsdk\scene\constraint\fbxhik2fbxcharacter.h
		fbxsdk\include\fbxsdk\scene\shading\fbximplementation.h = fbxsdk\include\fbxsdk\scene\shading\fbximplementation.h
		fbxsdk\include\fbxsdk\scene\shading\fbximplementationfilter.h = fbxsdk\include\fbxsdk\scene\shading\fbximplementationfilter.h
		fbxsdk\include\fbxsdk\scene\shading\fbximplementationutils.h = fbxsdk\include\fbxsdk\scene\shading\fbximplementationutils.h
		fbxsdk\include\fbxsdk\fileio\fbximporter.h = fbxsdk\include\fbxsdk\fileio\fbximporter.h
		fbxsdk\include\fbxsdk\core\base\fbxintrusivelist.h = fbxsdk\include\fbxsdk\core\base\fbxintrusivelist.h
		fbxsdk\include\fbxsdk\fileio\fbx\fbxio.h = fbxsdk\include\fbxsdk\fileio\fbx\fbxio.h
		fbxsdk\include\fbxsdk\fileio\fbxiobase.h = fbxsdk\include\fbxsdk\fileio\fbxiobase.h
		fbxsdk\include\fbxsdk\fileio\fbxiopluginregistry.h = fbxsdk\include\fbxsdk\fileio\fbxiopluginregistry.h
		fbxsdk\include\fbxsdk\fileio\fbxiosettings.h = fbxsdk\include\fbxsdk\fileio\fbxiosettings.h
		fbxsdk\include\fbxsdk\fileio\fbxiosettingspath.h = fbxsdk\include\fbxsdk\fileio\fbxiosettingspath.h
		fbxsdk\include\fbxsdk\scene\geometry\fbxlayer.h = fbxsdk\include\fbxsdk\scene\geometry\fbxlayer.h
		fbxsdk\include\fbxsdk\scene\geometry\fbxlayercontainer.h = fbxsdk\include\fbxsdk\scene\geometry\fbxlayercontainer.h
		fbxsdk\include\fbxsdk\scene\shading\fbxlayeredtexture.h = fbxsdk\include\fbxsdk\scene\shading\fbxlayeredtexture.h
		fbxsdk\include\fbxsdk\scene\shading\fbxlayerentryview.h = fbxsdk\include\fbxsdk\scene\shading\fbxlayerentryview.h
		fbxsdk\include\fbxsdk\scene\fbxlibrary.h = fbxsdk\include\fbxsdk\scene\fbxlibrary.h
		fbxsdk\include\fbxsdk\scene\geometry\fbxlight.h = fbxsdk\include\fbxsdk\scene\geometry\fbxlight.h
		fbxsdk\include\fbxsdk\scene\geometry\fbxlimitsutilities.h = fbxsdk\include\fbxsdk\scene\geometry\fbxlimitsutilities.h
		fbxsdk\include\fbxsdk\scene\geometry\fbxline.h = fbxsdk\include\fbxsdk\scene\geometry\fbxline.h
		fbxsdk\include\fbxsdk\core\fbxlistener.h = fbxsdk\include\fbxsdk\core\fbxlistener.h
		fbxsdk\include\fbxsdk\core\fbxloadingstrategy.h = fbxsdk\include\fbxsdk\core\fbxloadingstrategy.h
		fbxsdk\include\fbxsdk\scene\geometry\fbxlodgroup.h = fbxsdk\include\fbxsdk\scene\geometry\fbxlodgroup.h
		fbxsdk\include\fbxsdk\core\fbxmanager.h = fbxsdk\include\fbxsdk\core\fbxmanager.h
		fbxsdk\include\fbxsdk\utils\fbxmanipulators.h = fbxsdk\include\fbxsdk\utils\fbxmanipulators.h
		fbxsdk\include\fbxsdk\core\base\fbxmap.h = fbxsdk\include\fbxsdk\core\base\fbxmap.h
		fbxsdk\include\fbxsdk\scene\geometry\fbxmarker.h = fbxsdk\include\fbxsdk\scene\geometry\fbxmarker.h
		fbxsdk\include\fbxsdk\utils\fbxmaterialconverter.h = fbxsdk\include\fbxsdk\utils\fbxmaterialconverter.h
		fbxsdk\include\fbxsdk\core\math\fbxmath.h = fbxsdk\include\fbxsdk\core\math\fbxmath.h
		fbxsdk\include\fbxsdk\core\math\fbxmatrix.h = fbxsdk\include\fbxsdk\core\math\fbxmatrix.h
		fbxsdk\include\fbxsdk\core\base\fbxmemorypool.h = fbxsdk\include\fbxsdk\core\base\fbxmemorypool.h
		fbxsdk\include\fbxsdk\scene\geometry\fbxmesh.h = fbxsdk\include\fbxsdk\scene\geometry\fbxmesh.h
		fbxsdk\include\fbxsdk\core\fbxmodule.h = fbxsdk\include\fbxsdk\core\fbxmodule.h
		fbxsdk\include\fbxsdk\utils\fbxnamehandler.h = fbxsdk\include\fbxsdk\utils\fbxnamehandler.h
		fbxsdk\include\fbxsdk\core\arch\fbxnew.h = fbxsdk\include\fbxsdk\core\arch\fbxnew.h
		fbxsdk\include\fbxsdk\scene\geometry\fbxnode.h = fbxsdk\include\fbxsdk\scene\geometry\fbxnode.h
		fbxsdk\include\fbxsdk\scene\geometry\fbxnodeattribute.h = fbxsdk\include\fbxsdk\scene\geometry\fbxnodeattribute.h
		fbxsdk\include\fbxsdk\scene\geometry\fbxnull.h = fbxsdk\include\fbxsdk\scene\geometry\fbxnull.h
		fbxsdk\include\fbxsdk\scene\geometry\fbxnurbs.h = fbxsdk\include\fbxsdk\scene\geometry\fbxnurbs.h
		fbxsdk\include\fbxsdk\scene\geometry\fbxnurbscurve.h = fbxsdk\include\fbxsdk\scene\geometry\fbxnurbscurve.h
		fbxsdk\include\fbxsdk\scene\geometry\fbxnurbssurface.h = fbxsdk\include\fbxsdk\scene\geometry\fbxnurbssurface.h
		fbxsdk\include\fbxsdk\core\fbxobject.h = fbxsdk\include\fbxsdk\core\fbxobject.h
		fbxsdk\include\fbxsdk\scene\fbxobjectfilter.h = fbxsdk\include\fbxsdk\scene\fbxobjectfilter.h
		fbxsdk\include\fbxsdk\scene\fbxobjectmetadata.h = fbxsdk\include\fbxsdk\scene\fbxobjectmetadata.h
		fbxsdk\include\fbxsdk\scene\fbxobjectscontainer.h = fbxsdk\include\fbxsdk\scene\fbxobjectscontainer.h
		fbxsdk\include\fbxsdk\scene\shading\fbxoperatorentryview.h = fbxsdk\include\fbxsdk\scene\shading\fbxoperatorentryview.h
		fbxsdk\include\fbxsdk\scene\geometry\fbxopticalreference.h = fbxsdk\include\fbxsdk\scene\geometry\fbxopticalreference.h
		fbxsdk\include\fbxsdk\core\base\fbxpair.h = fbxsdk\include\fbxsdk\core\base\fbxpair.h
		fbxsdk\include\fbxsdk\scene\geometry\fbxpatch.h = fbxsdk\include\fbxsdk\scene\geometry\fbxpatch.h
		fbxsdk\include\fbxsdk\core\fbxperipheral.h = fbxsdk\include\fbxsdk\core\fbxperipheral.h
		fbxsdk\include\fbxsdk\core\fbxplugin.h = fbxsdk\include\fbxsdk\core\fbxplugin.h
		fbxsdk\include\fbxsdk\core\fbxplugincontainer.h = fbxsdk\include\fbxsdk\core\fbxplugincontainer.h
		fbxsdk\include\fbxsdk\scene\fbxpose.h = fbxsdk\include\fbxsdk\scene\fbxpose.h
		fbxsdk\include\fbxsdk\scene\geometry\fbxproceduralgeometry.h = fbxsdk\include\fbxsdk\scene\geometry\fbxproceduralgeometry.h
		fbxsdk\include\fbxsdk\scene\shading\fbxproceduraltexture.h = fbxsdk\include\fbxsdk\scene\shading\fbxproceduraltexture.h
		fbxsdk\include\fbxsdk\utils\fbxprocessor.h = fbxsdk\include\fbxsdk\utils\fbxprocessor.h
		fbxsdk\include\fbxsdk\utils\fbxprocessorshaderdependency.h = fbxsdk\include\fbxsdk\utils\fbxprocessorshaderdependency.h
		fbxsdk\include\fbxsdk\utils\fbxprocessorxref.h = fbxsdk\include\fbxsdk\utils\fbxprocessorxref.h
		fbxsdk\include\fbxsdk\utils\fbxprocessorxrefuserlib.h = fbxsdk\include\fbxsdk\utils\fbxprocessorxrefuserlib.h
		fbxsdk\include\fbxsdk\fileio\fbxprogress.h = fbxsdk\include\fbxsdk\fileio\fbxprogress.h
		fbxsdk\include\fbxsdk\core\fbxproperty.h = fbxsdk\include\fbxsdk\core\fbxproperty.h
		fbxsdk\include\fbxsdk\core\fbxpropertydef.h = fbxsdk\include\fbxsdk\core\fbxpropertydef.h
		fbxsdk\include\fbxsdk\scene\shading\fbxpropertyentryview.h = fbxsdk\include\fbxsdk\scene\shading\fbxpropertyentryview.h
		fbxsdk\include\fbxsdk\core\fbxpropertyhandle.h = fbxsdk\include\fbxsdk\core\fbxpropertyhandle.h
		fbxsdk\include\fbxsdk\core\fbxpropertypage.h = fbxsdk\include\fbxsdk\core\fbxpropertypage.h
		fbxsdk\include\fbxsdk\core\fbxpropertytypes.h = fbxsdk\include\fbxsdk\core\fbxpropertytypes.h
		fbxsdk\include\fbxsdk\core\math\fbxquaternion.h = fbxsdk\include\fbxsdk\core\math\fbxquaternion.h
		fbxsdk\include\fbxsdk\core\fbxquery.h = fbxsdk\include\fbxsdk\core\fbxquery.h
		fbxsdk\include\fbxsdk\core\fbxqueryevent.h = fbxsdk\include\fbxsdk\core\fbxqueryevent.h
		fbxsdk\include\fbxsdk\fileio\fbxreader.h = fbxsdk\include\fbxsdk\fileio\fbxreader.h
		fbxsdk\include\fbxsdk\fileio\collada\fbxreadercollada14.h = fbxsdk\include\fbxsdk\fileio\collada\fbxreadercollada14.h
		fbxsdk\include\fbxsdk\fileio\fbx\fbxreaderfbx5.h = fbxsdk\include\fbxsdk\fileio\fbx\fbxreaderfbx5.h
		fbxsdk\include\fbxsdk\fileio\fbx\fbxreaderfbx6.h = fbxsdk\include\fbxsdk\fileio\fbx\fbxreaderfbx6.h
		fbxsdk\include\fbxsdk\fileio\fbx\fbxreaderfbx7.h = fbxsdk\include\fbxsdk\fileio\fbx\fbxreaderfbx7.h
		fbxsdk\include\fbxsdk\core\base\fbxredblacktree.h = fbxsdk\include\fbxsdk\core\base\fbxredblacktree.h
		fbxsdk\include\fbxsdk\scene\fbxreference.h = fbxsdk\include\fbxsdk\scene\fbxreference.h
		fbxsdk\include\fbxsdk\utils\fbxrenamingstrategy.h = fbxsdk\include\fbxsdk\utils\fbxrenamingstrategy.h
		fbxsdk\include\fbxsdk\utils\fbxrenamingstrategybase.h = fbxsdk\include\fbxsdk\utils\fbxrenamingstrategybase.h
		fbxsdk\include\fbxsdk\utils\fbxrenamingstrategyfbx5.h = fbxsdk\include\fbxsdk\utils\fbxrenamingstrategyfbx5.h
		fbxsdk\include\fbxsdk\utils\fbxrenamingstrategyfbx6.h = fbxsdk\include\fbxsdk\utils\fbxrenamingstrategyfbx6.h
		fbxsdk\include\fbxsdk\utils\fbxrenamingstrategyfbx7.h = fbxsdk\include\fbxsdk\utils\fbxrenamingstrategyfbx7.h
		fbxsdk\include\fbxsdk\utils\fbxrenamingstrategyutilities.h = fbxsdk\include\fbxsdk\utils\fbxrenamingstrategyutilities.h
		fbxsdk\include\fbxsdk\utils\fbxrootnodeutility.h = fbxsdk\include\fbxsdk\utils\fbxrootnodeutility.h
		fbxsdk\include\fbxsdk\scene\fbxscene.h = fbxsdk\include\fbxsdk\scene\fbxscene.h
		fbxsdk\include\fbxsdk\core\fbxscopedloadingdirectory.h = fbxsdk\include\fbxsdk\core\fbxscopedloadingdirectory.h
		fbxsdk\include\fbxsdk\core\fbxscopedloadingfilename.h = fbxsdk\include\fbxsdk\core\fbxscopedloadingfilename.h
		fbxsdk\include\fbxsdk.h = fbxsdk\include\fbxsdk.h
		fbxsdk\include\fbxsdk\fbxsdk_compatibility.h = fbxsdk\include\fbxsdk\fbxsdk_compatibility.h
		fbxsdk\include\fbxsdk\fbxsdk_def.h = fbxsdk\include\fbxsdk\fbxsdk_def.h
		fbxsdk\include\fbxsdk\fbxsdk_nsbegin.h = fbxsdk\include\fbxsdk\fbxsdk_nsbegin.h
		fbxsdk\include\fbxsdk\fbxsdk_nsend.h = fbxsdk\include\fbxsdk\fbxsdk_nsend.h
		fbxsdk\include\fbxsdk\fbxsdk_version.h = fbxsdk\include\fbxsdk\fbxsdk_version.h
		fbxsdk\include\fbxsdk\scene\fbxselectionnode.h = fbxsdk\include\fbxsdk\scene\fbxselectionnode.h
		fbxsdk\include\fbxsdk\scene\fbxselectionset.h = fbxsdk\include\fbxsdk\scene\fbxselectionset.h
		fbxsdk\include\fbxsdk\scene\shading\fbxsemanticentryview.h = fbxsdk\include\fbxsdk\scene\shading\fbxsemanticentryview.h
		fbxsdk\include\fbxsdk\core\base\fbxset.h = fbxsdk\include\fbxsdk\core\base\fbxset.h
		fbxsdk\include\fbxsdk\scene\shading\fbxshadingconventions.h = fbxsdk\include\fbxsdk\scene\shading\fbxshadingconventions.h
		fbxsdk\include\fbxsdk\scene\geometry\fbxshape.h = fbxsdk\include\fbxsdk\scene\geometry\fbxshape.h
		fbxsdk\include\fbxsdk\scene\geometry\fbxskeleton.h = fbxsdk\include\fbxsdk\scene\geometry\fbxskeleton.h
		fbxsdk\include\fbxsdk\scene\geometry\fbxskin.h = fbxsdk\include\fbxsdk\scene\geometry\fbxskin.h
		fbxsdk\include\fbxsdk\fileio\fbxstatistics.h = fbxsdk\include\fbxsdk\fileio\fbxstatistics.h
		fbxsdk\include\fbxsdk\fileio\fbxstatisticsfbx.h = fbxsdk\include\fbxsdk\fileio\fbxstatisticsfbx.h
		fbxsdk\include\fbxsdk\core\arch\fbxstdcompliant.h = fbxsdk\include\fbxsdk\core\arch\fbxstdcompliant.h
		fbxsdk\include\fbxsdk\core\fbxstream.h = fbxsdk\include\fbxsdk\core\fbxstream.h
		fbxsdk\include\fbxsdk\core\base\fbxstring.h = fbxsdk\include\fbxsdk\core\base\fbxstring.h
		fbxsdk\include\fbxsdk\core\base\fbxstringlist.h = fbxsdk\include\fbxsdk\core\base\fbxstringlist.h
		fbxsdk\include\fbxsdk\scene\geometry\fbxsubdeformer.h = fbxsdk\include\fbxsdk\scene\geometry\fbxsubdeformer.h
		fbxsdk\include\fbxsdk\scene\geometry\fbxsubdiv.h = fbxsdk\include\fbxsdk\scene\geometry\fbxsubdiv.h
		fbxsdk\include\fbxsdk\scene\shading\fbxsurfacelambert.h = fbxsdk\include\fbxsdk\scene\shading\fbxsurfacelambert.h
		fbxsdk\include\fbxsdk\scene\shading\fbxsurfacematerial.h = fbxsdk\include\fbxsdk\scene\shading\fbxsurfacematerial.h
		fbxsdk\include\fbxsdk\scene\shading\fbxsurfacephong.h = fbxsdk\include\fbxsdk\scene\shading\fbxsurfacephong.h
		fbxsdk\include\fbxsdk\core\fbxsymbol.h = fbxsdk\include\fbxsdk\core\fbxsymbol.h
		fbxsdk\include\fbxsdk\core\sync\fbxsync.h = fbxsdk\include\fbxsdk\core\sync\fbxsync.h
		fbxsdk\include\fbxsdk\core\fbxsystemunit.h = fbxsdk\include\fbxsdk\core\fbxsystemunit.h
		fbxsdk\include\fbxsdk\scene\fbxtakeinfo.h = fbxsdk\include\fbxsdk\scene\fbxtakeinfo.h
		fbxsdk\include\fbxsdk\scene\shading\fbxtexture.h = fbxsdk\include\fbxsdk\scene\shading\fbxtexture.h
		fbxsdk\include\fbxsdk\core\sync\fbxthread.h = fbxsdk\include\fbxsdk\core\sync\fbxthread.h
		fbxsdk\include\fbxsdk\scene\fbxthumbnail.h = fbxsdk\include\fbxsdk\scene\fbxthumbnail.h
		fbxsdk\include\fbxsdk\core\base\fbxtime.h = fbxsdk\include\fbxsdk\core\base\fbxtime.h
		fbxsdk\include\fbxsdk\core\base\fbxtimecode.h = fbxsdk\include\fbxsdk\core\base\fbxtimecode.h
		fbxsdk\include\fbxsdk\core\math\fbxtransforms.h = fbxsdk\include\fbxsdk\core\math\fbxtransforms.h
		fbxsdk\include\fbxsdk\scene\geometry\fbxtrimnurbssurface.h = fbxsdk\include\fbxsdk\scene\geometry\fbxtrimnurbssurface.h
		fbxsdk\include\fbxsdk\core\arch\fbxtypes.h = fbxsdk\include\fbxsdk\core\arch\fbxtypes.h
		fbxsdk\include\fbxsdk\utils\fbxusernotification.h = fbxsdk\include\fbxsdk\utils\fbxusernotification.h
		fbxsdk\include\fbxsdk\core\base\fbxutils.h = fbxsdk\include\fbxsdk\core\base\fbxutils.h
		fbxsdk\include\fbxsdk\core\math\fbxvector2.h = fbxsdk\include\fbxsdk\core\math\fbxvector2.h
		fbxsdk\include\fbxsdk\core\math\fbxvector4.h = fbxsdk\include\fbxsdk\core\math\fbxvector4.h
		fbxsdk\include\fbxsdk\scene\geometry\fbxvertexcachedeformer.h = fbxsdk\include\fbxsdk\scene\geometry\fbxvertexcachedeformer.h
		fbxsdk\include\fbxsdk\scene\fbxvideo.h = fbxsdk\include\fbxsdk\scene\fbxvideo.h
		fbxsdk\include\fbxsdk\scene\geometry\fbxweightedmapping.h = fbxsdk\include\fbxsdk\scene\geometry\fbxweightedmapping.h
		fbxsdk\include\fbxsdk\fileio\fbxwriter.h = fbxsdk\include\fbxsdk\fileio\fbxwriter.h
		fbxsdk\include\fbxsdk\fileio\collada\fbxwritercollada14.h = fbxsdk\include\fbxsdk\fileio\collada\fbxwritercollada14.h
		fbxsdk\include\fbxsdk\fileio\fbx\fbxwriterfbx5.h = fbxsdk\include\fbxsdk\fileio\fbx\fbxwriterfbx5.h
		fbxsdk\include\fbxsdk\fileio\fbx\fbxwriterfbx6.h = fbxsdk\include\fbxsdk\fileio\fbx\fbxwriterfbx6.h
		fbxsdk\include\fbxsdk\fileio\fbx\fbxwriterfbx7.h = fbxsdk\include\fbxsdk\fileio\fbx\fbxwriterfbx7.h
		fbxsdk\include\fbxsdk\core\fbxxref.h = fbxsdk\include\fbxsdk\core\fbxxref.h
	EndProjectSection
EndProject
Project("{2150E333-8FDC-42A3-9474-1A3956D46DE8}") = "x86", "x86", "{7165C775-51B0-41D0-BE6E-CC1CB5007AD9}"
	ProjectSection(SolutionItems) = preProject
		fbxsdk\lib\vs2008\x86\fbxsdk-2013.2-mt.lib = fbxsdk\lib\vs2008\x86\fbxsdk-2013.2-mt.lib
		fbxsdk\lib\vs2008\x86\fbxsdk-2013.2-mtd.lib = fbxsdk\lib\vs2008\x86\fbxsdk-2013.2-mtd.lib
		fbxsdk\lib\vs2010\x86\fbxsdk-2013.2-mt.lib = fbxsdk\lib\vs2010\x86\fbxsdk-2013.2-mt.lib
		fbxsdk\lib\vs2010\x86\fbxsdk-2013.2-mtd.lib = fbxsdk\lib\vs2010\x86\fbxsdk-2013.2-mtd.lib
	EndProjectSection
EndProject
Global
	GlobalSection(TeamFoundationVersionControl) = preSolution
		SccNumberOfProjects = 7
		SccEnterpriseProvider = {4CA58AB2-18FA-4F8D-95D4-32DDF27D184C}
		SccTeamFoundationServer = https://tfs.codeplex.com/tfs/tfs21
		SccLocalPath0 = .
		SccProjectUniqueName1 = DevIL\\DevIL.vcxproj
		SccProjectTopLevelParentUniqueName1 = TriExporter.sln
		SccProjectName1 = DevIL
		SccLocalPath1 = DevIL
		SccProjectUniqueName2 = ilu\\ilu.vcxproj
		SccProjectTopLevelParentUniqueName2 = TriExporter.sln
		SccProjectName2 = ilu
		SccLocalPath2 = ilu
		SccProjectUniqueName3 = lib3ds\\lib3ds.vcxproj
		SccProjectTopLevelParentUniqueName3 = TriExporter.sln
		SccProjectName3 = lib3ds
		SccLocalPath3 = lib3ds
		SccProjectUniqueName4 = libpng\\libpng.vcxproj
		SccProjectTopLevelParentUniqueName4 = TriExporter.sln
		SccProjectName4 = libpng
		SccLocalPath4 = libpng
		SccProjectUniqueName5 = TriExporter\\TriExporter.vcxproj
		SccProjectName5 = TriExporter
		SccLocalPath5 = TriExporter
		SccProjectUniqueName6 = zlib\\zlib.vcxproj
		SccProjectTopLevelParentUniqueName6 = TriExporter.sln
		SccProjectName6 = zlib
		SccLocalPath6 = zlib
	EndGlobalSection
	GlobalSection(SolutionConfigurationPlatforms) = preSolution
		Debug|Win32 = Debug|Win32
		Release|Win32 = Release|Win32
	EndGlobalSection
	GlobalSection(ProjectConfigurationPlatforms) = postSolution
		{2841A89B-0932-4EFC-90C3-2D51CDD9A55F}.Debug|Win32.ActiveCfg = Debug|Win32
		{2841A89B-0932-4EFC-90C3-2D51CDD9A55F}.Debug|Win32.Build.0 = Debug|Win32
		{2841A89B-0932-4EFC-90C3-2D51CDD9A55F}.Release|Win32.ActiveCfg = Release|Win32
		{2841A89B-0932-4EFC-90C3-2D51CDD9A55F}.Release|Win32.Build.0 = Release|Win32
		{C45F92CE-63BB-4C66-9C17-B4AAA18E46DD}.Debug|Win32.ActiveCfg = Debug|Win32
		{C45F92CE-63BB-4C66-9C17-B4AAA18E46DD}.Debug|Win32.Build.0 = Debug|Win32
		{C45F92CE-63BB-4C66-9C17-B4AAA18E46DD}.Release|Win32.ActiveCfg = Release|Win32
		{C45F92CE-63BB-4C66-9C17-B4AAA18E46DD}.Release|Win32.Build.0 = Release|Win32
		{21BB29BB-9E5C-4CCF-8C52-9AB455E4EE10}.Debug|Win32.ActiveCfg = Debug|Win32
		{21BB29BB-9E5C-4CCF-8C52-9AB455E4EE10}.Debug|Win32.Build.0 = Debug|Win32
		{21BB29BB-9E5C-4CCF-8C52-9AB455E4EE10}.Release|Win32.ActiveCfg = Release|Win32
		{21BB29BB-9E5C-4CCF-8C52-9AB455E4EE10}.Release|Win32.Build.0 = Release|Win32
		{61764508-3F6E-474C-A0BF-CEC4833AAF0B}.Debug|Win32.ActiveCfg = Debug|Win32
		{61764508-3F6E-474C-A0BF-CEC4833AAF0B}.Debug|Win32.Build.0 = Debug|Win32
		{61764508-3F6E-474C-A0BF-CEC4833AAF0B}.Release|Win32.ActiveCfg = Release|Win32
		{61764508-3F6E-474C-A0BF-CEC4833AAF0B}.Release|Win32.Build.0 = Release|Win32
		{7959E0E7-4C8D-4E33-A94F-BB033F71DAD8}.Debug|Win32.ActiveCfg = Debug|Win32
		{7959E0E7-4C8D-4E33-A94F-BB033F71DAD8}.Debug|Win32.Build.0 = Debug|Win32
		{7959E0E7-4C8D-4E33-A94F-BB033F71DAD8}.Release|Win32.ActiveCfg = Release|Win32
		{7959E0E7-4C8D-4E33-A94F-BB033F71DAD8}.Release|Win32.Build.0 = Release|Win32
		{45D7E18B-52B5-4AF5-9BE4-E4356D217B32}.Debug|Win32.ActiveCfg = Debug|Win32
		{45D7E18B-52B5-4AF5-9BE4-E4356D217B32}.Debug|Win32.Build.0 = Debug|Win32
		{45D7E18B-52B5-4AF5-9BE4-E4356D217B32}.Release|Win32.ActiveCfg = Release|Win32
		{45D7E18B-52B5-4AF5-9BE4-E4356D217B32}.Release|Win32.Build.0 = Release|Win32
	EndGlobalSection
	GlobalSection(SolutionProperties) = preSolution
		HideSolutionNode = FALSE
	EndGlobalSection
	GlobalSection(NestedProjects) = preSolution
		{87C38431-67EE-4190-90A4-1B7ECEE8E754} = {4E8F17FF-74B3-4FE9-8097-F0697240F3A4}
		{45D7E18B-52B5-4AF5-9BE4-E4356D217B32} = {627A8A46-25D5-4E52-B547-BE0E76F64275}
		{61764508-3F6E-474C-A0BF-CEC4833AAF0B} = {627A8A46-25D5-4E52-B547-BE0E76F64275}
		{7959E0E7-4C8D-4E33-A94F-BB033F71DAD8} = {627A8A46-25D5-4E52-B547-BE0E76F64275}
		{21BB29BB-9E5C-4CCF-8C52-9AB455E4EE10} = {627A8A46-25D5-4E52-B547-BE0E76F64275}
		{C45F92CE-63BB-4C66-9C17-B4AAA18E46DD} = {627A8A46-25D5-4E52-B547-BE0E76F64275}
		{070336B3-87DF-4FB4-ADBF-E0169D62264F} = {78E09608-187A-4A67-9FB8-3F95F35603CD}
		{7165C775-51B0-41D0-BE6E-CC1CB5007AD9} = {78E09608-187A-4A67-9FB8-3F95F35603CD}
	EndGlobalSection
EndGlobal
